
Microsoft Visual Studio Solution File, Format Version 12.00
# Visual Studio Version 17
VisualStudioVersion = 17.13.35828.75 d17.13
MinimumVisualStudioVersion = 10.0.40219.1
Project("{FAE04EC0-301F-11D3-BF4B-00C04F79EFBC}") = "APITempoDio", "APITempoDio\APITempoDio.csproj", "{A310019D-E570-4955-A4BD-A8D5A28AC27C}"
EndProject
Global
	GlobalSection(SolutionConfigurationPlatforms) = preSolution
		Debug|Any CPU = Debug|Any CPU
		Release|Any CPU = Release|Any CPU
	EndGlobalSection
	GlobalSection(ProjectConfigurationPlatforms) = postSolution
		{A310019D-E570-4955-A4BD-A8D5A28AC27C}.Debug|Any CPU.ActiveCfg = Debug|Any CPU
		{A310019D-E570-4955-A4BD-A8D5A28AC27C}.Debug|Any CPU.Build.0 = Debug|Any CPU
		{A310019D-E570-4955-A4BD-A8D5A28AC27C}.Release|Any CPU.ActiveCfg = Release|Any CPU
		{A310019D-E570-4955-A4BD-A8D5A28AC27C}.Release|Any CPU.Build.0 = Release|Any CPU
	EndGlobalSection
	GlobalSection(SolutionProperties) = preSolution
		HideSolutionNode = FALSE
	EndGlobalSection
	GlobalSection(ExtensibilityGlobals) = postSolution
		SolutionGuid = {D71AEEC0-6921-4798-83B4-7CAF442F35C1}
	EndGlobalSection
EndGlobal
